<?xml version="1.0" encoding="utf-8"?>
<Project ToolsVersion="17.0" xmlns="http://schemas.microsoft.com/developer/msbuild/2003">
  <ItemGroup>
    <ClCompile Include="E:\GitProj\ToyEngine\src\core\common\VariableSizeAllocationsManager.cpp">
      <Filter>Source Files</Filter>
    </ClCompile>
    <ClCompile Include="E:\GitProj\ToyEngine\src\core\common\DefaultMemoryAllocator.cpp">
      <Filter>Source Files</Filter>
    </ClCompile>
  </ItemGroup>
  <ItemGroup>
    <ClInclude Include="E:\GitProj\ToyEngine\src\core\common\STDAllocator.hpp">
      <Filter>Header Files</Filter>
    </ClInclude>
  </ItemGroup>
  <ItemGroup>
    <CustomBuild Include="E:\GitProj\ToyEngine\src\core\common\CMakeLists.txt" />
  </ItemGroup>
  <ItemGroup>
    <Filter Include="Header Files">
      <UniqueIdentifier>{5497B8CC-1B15-3C25-98F5-AA36C2EBCED9}</UniqueIdentifier>
    </Filter>
    <Filter Include="Source Files">
      <UniqueIdentifier>{E7498068-8256-3BF3-B0B0-05D46B1C5587}</UniqueIdentifier>
    </Filter>
  </ItemGroup>
</Project>
