<?xml version="1.0" encoding="utf-8"?>
<Project ToolsVersion="17.0" xmlns="http://schemas.microsoft.com/developer/msbuild/2003">
  <ItemGroup>
    <ClCompile Include="E:\GitProj\ToyEngine\src\platform\windows\WinApp.cpp">
      <Filter>Source Files</Filter>
    </ClCompile>
    <ClCompile Include="E:\GitProj\ToyEngine\src\platform\windows\D3D12App.cpp">
      <Filter>Source Files</Filter>
    </ClCompile>
    <ClCompile Include="E:\GitProj\ToyEngine\src\platform\windows\Platform_Win.cpp">
      <Filter>Source Files</Filter>
    </ClCompile>
  </ItemGroup>
  <ItemGroup>
    <CustomBuild Include="E:\GitProj\ToyEngine\src\platform\CMakeLists.txt" />
  </ItemGroup>
  <ItemGroup>
    <Filter Include="Source Files">
      <UniqueIdentifier>{E7498068-8256-3BF3-B0B0-05D46B1C5587}</UniqueIdentifier>
    </Filter>
  </ItemGroup>
</Project>
