
Microsoft Visual Studio Solution File, Format Version 12.00
# Visual Studio Version 17
Project("{8BC9CEB8-8B4A-11D0-8D11-00A0C91BC942}") = "ALL_BUILD", "ALL_BUILD.vcxproj", "{EDD87500-28FC-3E0E-BC0F-B9C1902A132E}"
	ProjectSection(ProjectDependencies) = postProject
		{B90F1B71-379D-3D98-9270-961E032340C9} = {B90F1B71-379D-3D98-9270-961E032340C9}
		{0E27B525-8EEA-331A-87C8-A7161246CA8B} = {0E27B525-8EEA-331A-87C8-A7161246CA8B}
		{D7D8C4AD-BD08-34F1-83B0-0273CF906AB4} = {D7D8C4AD-BD08-34F1-83B0-0273CF906AB4}
		{E6A0FEFE-4D2B-3B8F-A85F-89E793E159A0} = {E6A0FEFE-4D2B-3B8F-A85F-89E793E159A0}
		{D8AD48B7-DD62-330D-B596-8BF00739E766} = {D8AD48B7-DD62-330D-B596-8BF00739E766}
		{1811470C-7DC5-3380-AB88-CF547C9A01A7} = {1811470C-7DC5-3380-AB88-CF547C9A01A7}
	EndProjectSection
EndProject
Project("{8BC9CEB8-8B4A-11D0-8D11-00A0C91BC942}") = "Common", "core\common\Common.vcxproj", "{B90F1B71-379D-3D98-9270-961E032340C9}"
	ProjectSection(ProjectDependencies) = postProject
		{1811470C-7DC5-3380-AB88-CF547C9A01A7} = {1811470C-7DC5-3380-AB88-CF547C9A01A7}
	EndProjectSection
EndProject
Project("{8BC9CEB8-8B4A-11D0-8D11-00A0C91BC942}") = "Components", "core\components\Components.vcxproj", "{0E27B525-8EEA-331A-87C8-A7161246CA8B}"
	ProjectSection(ProjectDependencies) = postProject
		{B90F1B71-379D-3D98-9270-961E032340C9} = {B90F1B71-379D-3D98-9270-961E032340C9}
		{E6A0FEFE-4D2B-3B8F-A85F-89E793E159A0} = {E6A0FEFE-4D2B-3B8F-A85F-89E793E159A0}
		{1811470C-7DC5-3380-AB88-CF547C9A01A7} = {1811470C-7DC5-3380-AB88-CF547C9A01A7}
	EndProjectSection
EndProject
Project("{8BC9CEB8-8B4A-11D0-8D11-00A0C91BC942}") = "Engine", "Engine.vcxproj", "{D7D8C4AD-BD08-34F1-83B0-0273CF906AB4}"
	ProjectSection(ProjectDependencies) = postProject
		{B90F1B71-379D-3D98-9270-961E032340C9} = {B90F1B71-379D-3D98-9270-961E032340C9}
		{0E27B525-8EEA-331A-87C8-A7161246CA8B} = {0E27B525-8EEA-331A-87C8-A7161246CA8B}
		{E6A0FEFE-4D2B-3B8F-A85F-89E793E159A0} = {E6A0FEFE-4D2B-3B8F-A85F-89E793E159A0}
		{D8AD48B7-DD62-330D-B596-8BF00739E766} = {D8AD48B7-DD62-330D-B596-8BF00739E766}
		{1811470C-7DC5-3380-AB88-CF547C9A01A7} = {1811470C-7DC5-3380-AB88-CF547C9A01A7}
	EndProjectSection
EndProject
Project("{8BC9CEB8-8B4A-11D0-8D11-00A0C91BC942}") = "Graphics", "core\graphics\Graphics.vcxproj", "{E6A0FEFE-4D2B-3B8F-A85F-89E793E159A0}"
	ProjectSection(ProjectDependencies) = postProject
		{B90F1B71-379D-3D98-9270-961E032340C9} = {B90F1B71-379D-3D98-9270-961E032340C9}
		{1811470C-7DC5-3380-AB88-CF547C9A01A7} = {1811470C-7DC5-3380-AB88-CF547C9A01A7}
	EndProjectSection
EndProject
Project("{8BC9CEB8-8B4A-11D0-8D11-00A0C91BC942}") = "INSTALL", "INSTALL.vcxproj", "{B128E521-74AE-32F0-9D5E-4B733C893A3D}"
	ProjectSection(ProjectDependencies) = postProject
		{EDD87500-28FC-3E0E-BC0F-B9C1902A132E} = {EDD87500-28FC-3E0E-BC0F-B9C1902A132E}
		{1811470C-7DC5-3380-AB88-CF547C9A01A7} = {1811470C-7DC5-3380-AB88-CF547C9A01A7}
	EndProjectSection
EndProject
Project("{8BC9CEB8-8B4A-11D0-8D11-00A0C91BC942}") = "Platform", "platform\Platform.vcxproj", "{D8AD48B7-DD62-330D-B596-8BF00739E766}"
	ProjectSection(ProjectDependencies) = postProject
		{B90F1B71-379D-3D98-9270-961E032340C9} = {B90F1B71-379D-3D98-9270-961E032340C9}
		{0E27B525-8EEA-331A-87C8-A7161246CA8B} = {0E27B525-8EEA-331A-87C8-A7161246CA8B}
		{E6A0FEFE-4D2B-3B8F-A85F-89E793E159A0} = {E6A0FEFE-4D2B-3B8F-A85F-89E793E159A0}
		{1811470C-7DC5-3380-AB88-CF547C9A01A7} = {1811470C-7DC5-3380-AB88-CF547C9A01A7}
	EndProjectSection
EndProject
Project("{8BC9CEB8-8B4A-11D0-8D11-00A0C91BC942}") = "ZERO_CHECK", "..\\ZERO_CHECK.vcxproj", "{1811470C-7DC5-3380-AB88-CF547C9A01A7}"
	ProjectSection(ProjectDependencies) = postProject
	EndProjectSection
EndProject
Global
	GlobalSection(SolutionConfigurationPlatforms) = preSolution
		Debug|x64 = Debug|x64
		Release|x64 = Release|x64
		MinSizeRel|x64 = MinSizeRel|x64
		RelWithDebInfo|x64 = RelWithDebInfo|x64
	EndGlobalSection
	GlobalSection(ProjectConfigurationPlatforms) = postSolution
		{EDD87500-28FC-3E0E-BC0F-B9C1902A132E}.Debug|x64.ActiveCfg = Debug|x64
		{EDD87500-28FC-3E0E-BC0F-B9C1902A132E}.Debug|x64.Build.0 = Debug|x64
		{EDD87500-28FC-3E0E-BC0F-B9C1902A132E}.Release|x64.ActiveCfg = Release|x64
		{EDD87500-28FC-3E0E-BC0F-B9C1902A132E}.Release|x64.Build.0 = Release|x64
		{EDD87500-28FC-3E0E-BC0F-B9C1902A132E}.MinSizeRel|x64.ActiveCfg = MinSizeRel|x64
		{EDD87500-28FC-3E0E-BC0F-B9C1902A132E}.MinSizeRel|x64.Build.0 = MinSizeRel|x64
		{EDD87500-28FC-3E0E-BC0F-B9C1902A132E}.RelWithDebInfo|x64.ActiveCfg = RelWithDebInfo|x64
		{EDD87500-28FC-3E0E-BC0F-B9C1902A132E}.RelWithDebInfo|x64.Build.0 = RelWithDebInfo|x64
		{B90F1B71-379D-3D98-9270-961E032340C9}.Debug|x64.ActiveCfg = Debug|x64
		{B90F1B71-379D-3D98-9270-961E032340C9}.Debug|x64.Build.0 = Debug|x64
		{B90F1B71-379D-3D98-9270-961E032340C9}.Release|x64.ActiveCfg = Release|x64
		{B90F1B71-379D-3D98-9270-961E032340C9}.Release|x64.Build.0 = Release|x64
		{B90F1B71-379D-3D98-9270-961E032340C9}.MinSizeRel|x64.ActiveCfg = MinSizeRel|x64
		{B90F1B71-379D-3D98-9270-961E032340C9}.MinSizeRel|x64.Build.0 = MinSizeRel|x64
		{B90F1B71-379D-3D98-9270-961E032340C9}.RelWithDebInfo|x64.ActiveCfg = RelWithDebInfo|x64
		{B90F1B71-379D-3D98-9270-961E032340C9}.RelWithDebInfo|x64.Build.0 = RelWithDebInfo|x64
		{0E27B525-8EEA-331A-87C8-A7161246CA8B}.Debug|x64.ActiveCfg = Debug|x64
		{0E27B525-8EEA-331A-87C8-A7161246CA8B}.Debug|x64.Build.0 = Debug|x64
		{0E27B525-8EEA-331A-87C8-A7161246CA8B}.Release|x64.ActiveCfg = Release|x64
		{0E27B525-8EEA-331A-87C8-A7161246CA8B}.Release|x64.Build.0 = Release|x64
		{0E27B525-8EEA-331A-87C8-A7161246CA8B}.MinSizeRel|x64.ActiveCfg = MinSizeRel|x64
		{0E27B525-8EEA-331A-87C8-A7161246CA8B}.MinSizeRel|x64.Build.0 = MinSizeRel|x64
		{0E27B525-8EEA-331A-87C8-A7161246CA8B}.RelWithDebInfo|x64.ActiveCfg = RelWithDebInfo|x64
		{0E27B525-8EEA-331A-87C8-A7161246CA8B}.RelWithDebInfo|x64.Build.0 = RelWithDebInfo|x64
		{D7D8C4AD-BD08-34F1-83B0-0273CF906AB4}.Debug|x64.ActiveCfg = Debug|x64
		{D7D8C4AD-BD08-34F1-83B0-0273CF906AB4}.Debug|x64.Build.0 = Debug|x64
		{D7D8C4AD-BD08-34F1-83B0-0273CF906AB4}.Release|x64.ActiveCfg = Release|x64
		{D7D8C4AD-BD08-34F1-83B0-0273CF906AB4}.Release|x64.Build.0 = Release|x64
		{D7D8C4AD-BD08-34F1-83B0-0273CF906AB4}.MinSizeRel|x64.ActiveCfg = MinSizeRel|x64
		{D7D8C4AD-BD08-34F1-83B0-0273CF906AB4}.MinSizeRel|x64.Build.0 = MinSizeRel|x64
		{D7D8C4AD-BD08-34F1-83B0-0273CF906AB4}.RelWithDebInfo|x64.ActiveCfg = RelWithDebInfo|x64
		{D7D8C4AD-BD08-34F1-83B0-0273CF906AB4}.RelWithDebInfo|x64.Build.0 = RelWithDebInfo|x64
		{E6A0FEFE-4D2B-3B8F-A85F-89E793E159A0}.Debug|x64.ActiveCfg = Debug|x64
		{E6A0FEFE-4D2B-3B8F-A85F-89E793E159A0}.Debug|x64.Build.0 = Debug|x64
		{E6A0FEFE-4D2B-3B8F-A85F-89E793E159A0}.Release|x64.ActiveCfg = Release|x64
		{E6A0FEFE-4D2B-3B8F-A85F-89E793E159A0}.Release|x64.Build.0 = Release|x64
		{E6A0FEFE-4D2B-3B8F-A85F-89E793E159A0}.MinSizeRel|x64.ActiveCfg = MinSizeRel|x64
		{E6A0FEFE-4D2B-3B8F-A85F-89E793E159A0}.MinSizeRel|x64.Build.0 = MinSizeRel|x64
		{E6A0FEFE-4D2B-3B8F-A85F-89E793E159A0}.RelWithDebInfo|x64.ActiveCfg = RelWithDebInfo|x64
		{E6A0FEFE-4D2B-3B8F-A85F-89E793E159A0}.RelWithDebInfo|x64.Build.0 = RelWithDebInfo|x64
		{B128E521-74AE-32F0-9D5E-4B733C893A3D}.Debug|x64.ActiveCfg = Debug|x64
		{B128E521-74AE-32F0-9D5E-4B733C893A3D}.Release|x64.ActiveCfg = Release|x64
		{B128E521-74AE-32F0-9D5E-4B733C893A3D}.MinSizeRel|x64.ActiveCfg = MinSizeRel|x64
		{B128E521-74AE-32F0-9D5E-4B733C893A3D}.RelWithDebInfo|x64.ActiveCfg = RelWithDebInfo|x64
		{D8AD48B7-DD62-330D-B596-8BF00739E766}.Debug|x64.ActiveCfg = Debug|x64
		{D8AD48B7-DD62-330D-B596-8BF00739E766}.Debug|x64.Build.0 = Debug|x64
		{D8AD48B7-DD62-330D-B596-8BF00739E766}.Release|x64.ActiveCfg = Release|x64
		{D8AD48B7-DD62-330D-B596-8BF00739E766}.Release|x64.Build.0 = Release|x64
		{D8AD48B7-DD62-330D-B596-8BF00739E766}.MinSizeRel|x64.ActiveCfg = MinSizeRel|x64
		{D8AD48B7-DD62-330D-B596-8BF00739E766}.MinSizeRel|x64.Build.0 = MinSizeRel|x64
		{D8AD48B7-DD62-330D-B596-8BF00739E766}.RelWithDebInfo|x64.ActiveCfg = RelWithDebInfo|x64
		{D8AD48B7-DD62-330D-B596-8BF00739E766}.RelWithDebInfo|x64.Build.0 = RelWithDebInfo|x64
		{1811470C-7DC5-3380-AB88-CF547C9A01A7}.Debug|x64.ActiveCfg = Debug|x64
		{1811470C-7DC5-3380-AB88-CF547C9A01A7}.Debug|x64.Build.0 = Debug|x64
		{1811470C-7DC5-3380-AB88-CF547C9A01A7}.Release|x64.ActiveCfg = Release|x64
		{1811470C-7DC5-3380-AB88-CF547C9A01A7}.Release|x64.Build.0 = Release|x64
		{1811470C-7DC5-3380-AB88-CF547C9A01A7}.MinSizeRel|x64.ActiveCfg = MinSizeRel|x64
		{1811470C-7DC5-3380-AB88-CF547C9A01A7}.MinSizeRel|x64.Build.0 = MinSizeRel|x64
		{1811470C-7DC5-3380-AB88-CF547C9A01A7}.RelWithDebInfo|x64.ActiveCfg = RelWithDebInfo|x64
		{1811470C-7DC5-3380-AB88-CF547C9A01A7}.RelWithDebInfo|x64.Build.0 = RelWithDebInfo|x64
	EndGlobalSection
	GlobalSection(ExtensibilityGlobals) = postSolution
		SolutionGuid = {39AD7FB1-4F8A-3D96-8040-32883429787B}
	EndGlobalSection
	GlobalSection(ExtensibilityAddIns) = postSolution
	EndGlobalSection
EndGlobal
